
Microsoft Visual Studio Solution File, Format Version 12.00
# Visual Studio 2013
VisualStudioVersion = 12.0.30324.0
MinimumVisualStudioVersion = 10.0.40219.1
Project("{FAE04EC0-301F-11D3-BF4B-00C04F79EFBC}") = "BrokeredComponent", "BrokeredComponent\BrokeredComponent.csproj", "{3576A64D-117A-4EDF-8390-D842EB9E9496}"
EndProject
Project("{8BC9CEB8-8B4A-11D0-8D11-00A0C91BC942}") = "BrokeredComponentPS", "BrokeredComponentPS\BrokeredComponentPS.vcxproj", "{C205635F-A709-4844-B764-048A8415304D}"
EndProject
Project("{FAE04EC0-301F-11D3-BF4B-00C04F79EFBC}") = "WinRTclient", "WinRTclient\WinRTclient.csproj", "{0B0FC9B6-1452-4CB4-A75A-BA1E3AF9BF10}"
EndProject
Project("{FAE04EC0-301F-11D3-BF4B-00C04F79EFBC}") = "SecondaryAssembly", "SecondaryAssembly\SecondaryAssembly.csproj", "{82474D3D-72C9-48F8-B507-D6ECEC19E840}"
EndProject
Project("{FAE04EC0-301F-11D3-BF4B-00C04F79EFBC}") = "SecondaryAssembly.WinRT", "SecondaryAssembly.WinRT\SecondaryAssembly.WinRT.csproj", "{29BE26D5-F339-4692-908C-D4046B043DBC}"
EndProject
Global
	GlobalSection(SolutionConfigurationPlatforms) = preSolution
		Debug|Any CPU = Debug|Any CPU
		Debug|ARM = Debug|ARM
		Debug|Mixed Platforms = Debug|Mixed Platforms
		Debug|Win32 = Debug|Win32
		Debug|x64 = Debug|x64
		Debug|x86 = Debug|x86
		Release|Any CPU = Release|Any CPU
		Release|ARM = Release|ARM
		Release|Mixed Platforms = Release|Mixed Platforms
		Release|Win32 = Release|Win32
		Release|x64 = Release|x64
		Release|x86 = Release|x86
	EndGlobalSection
	GlobalSection(ProjectConfigurationPlatforms) = postSolution
		{3576A64D-117A-4EDF-8390-D842EB9E9496}.Debug|Any CPU.ActiveCfg = Debug|x86
		{3576A64D-117A-4EDF-8390-D842EB9E9496}.Debug|ARM.ActiveCfg = Debug|x86
		{3576A64D-117A-4EDF-8390-D842EB9E9496}.Debug|Mixed Platforms.ActiveCfg = Debug|x86
		{3576A64D-117A-4EDF-8390-D842EB9E9496}.Debug|Mixed Platforms.Build.0 = Debug|x86
		{3576A64D-117A-4EDF-8390-D842EB9E9496}.Debug|Win32.ActiveCfg = Debug|x86
		{3576A64D-117A-4EDF-8390-D842EB9E9496}.Debug|Win32.Build.0 = Debug|x86
		{3576A64D-117A-4EDF-8390-D842EB9E9496}.Debug|x64.ActiveCfg = Debug|x86
		{3576A64D-117A-4EDF-8390-D842EB9E9496}.Debug|x86.ActiveCfg = Debug|x86
		{3576A64D-117A-4EDF-8390-D842EB9E9496}.Debug|x86.Build.0 = Debug|x86
		{3576A64D-117A-4EDF-8390-D842EB9E9496}.Release|Any CPU.ActiveCfg = Release|x86
		{3576A64D-117A-4EDF-8390-D842EB9E9496}.Release|ARM.ActiveCfg = Release|x86
		{3576A64D-117A-4EDF-8390-D842EB9E9496}.Release|Mixed Platforms.ActiveCfg = Release|x86
		{3576A64D-117A-4EDF-8390-D842EB9E9496}.Release|Mixed Platforms.Build.0 = Release|x86
		{3576A64D-117A-4EDF-8390-D842EB9E9496}.Release|Win32.ActiveCfg = Release|x86
		{3576A64D-117A-4EDF-8390-D842EB9E9496}.Release|Win32.Build.0 = Release|x86
		{3576A64D-117A-4EDF-8390-D842EB9E9496}.Release|x64.ActiveCfg = Release|x86
		{3576A64D-117A-4EDF-8390-D842EB9E9496}.Release|x86.ActiveCfg = Release|x86
		{3576A64D-117A-4EDF-8390-D842EB9E9496}.Release|x86.Build.0 = Release|x86
		{C205635F-A709-4844-B764-048A8415304D}.Debug|Any CPU.ActiveCfg = Debug|Win32
		{C205635F-A709-4844-B764-048A8415304D}.Debug|ARM.ActiveCfg = Debug|Win32
		{C205635F-A709-4844-B764-048A8415304D}.Debug|Mixed Platforms.ActiveCfg = Debug|Win32
		{C205635F-A709-4844-B764-048A8415304D}.Debug|Mixed Platforms.Build.0 = Debug|Win32
		{C205635F-A709-4844-B764-048A8415304D}.Debug|Win32.ActiveCfg = Debug|Win32
		{C205635F-A709-4844-B764-048A8415304D}.Debug|Win32.Build.0 = Debug|Win32
		{C205635F-A709-4844-B764-048A8415304D}.Debug|x64.ActiveCfg = Debug|Win32
		{C205635F-A709-4844-B764-048A8415304D}.Debug|x86.ActiveCfg = Debug|Win32
		{C205635F-A709-4844-B764-048A8415304D}.Debug|x86.Build.0 = Debug|Win32
		{C205635F-A709-4844-B764-048A8415304D}.Release|Any CPU.ActiveCfg = Release|Win32
		{C205635F-A709-4844-B764-048A8415304D}.Release|ARM.ActiveCfg = Release|Win32
		{C205635F-A709-4844-B764-048A8415304D}.Release|Mixed Platforms.ActiveCfg = Release|Win32
		{C205635F-A709-4844-B764-048A8415304D}.Release|Mixed Platforms.Build.0 = Release|Win32
		{C205635F-A709-4844-B764-048A8415304D}.Release|Win32.ActiveCfg = Release|Win32
		{C205635F-A709-4844-B764-048A8415304D}.Release|Win32.Build.0 = Release|Win32
		{C205635F-A709-4844-B764-048A8415304D}.Release|x64.ActiveCfg = Release|Win32
		{C205635F-A709-4844-B764-048A8415304D}.Release|x86.ActiveCfg = Release|Win32
		{C205635F-A709-4844-B764-048A8415304D}.Release|x86.Build.0 = Release|Win32
		{0B0FC9B6-1452-4CB4-A75A-BA1E3AF9BF10}.Debug|Any CPU.ActiveCfg = Debug|Any CPU
		{0B0FC9B6-1452-4CB4-A75A-BA1E3AF9BF10}.Debug|Any CPU.Build.0 = Debug|Any CPU
		{0B0FC9B6-1452-4CB4-A75A-BA1E3AF9BF10}.Debug|Any CPU.Deploy.0 = Debug|Any CPU
		{0B0FC9B6-1452-4CB4-A75A-BA1E3AF9BF10}.Debug|ARM.ActiveCfg = Debug|ARM
		{0B0FC9B6-1452-4CB4-A75A-BA1E3AF9BF10}.Debug|ARM.Build.0 = Debug|ARM
		{0B0FC9B6-1452-4CB4-A75A-BA1E3AF9BF10}.Debug|ARM.Deploy.0 = Debug|ARM
		{0B0FC9B6-1452-4CB4-A75A-BA1E3AF9BF10}.Debug|Mixed Platforms.ActiveCfg = Debug|x86
		{0B0FC9B6-1452-4CB4-A75A-BA1E3AF9BF10}.Debug|Mixed Platforms.Build.0 = Debug|x86
		{0B0FC9B6-1452-4CB4-A75A-BA1E3AF9BF10}.Debug|Mixed Platforms.Deploy.0 = Debug|x86
		{0B0FC9B6-1452-4CB4-A75A-BA1E3AF9BF10}.Debug|Win32.ActiveCfg = Debug|x86
		{0B0FC9B6-1452-4CB4-A75A-BA1E3AF9BF10}.Debug|Win32.Build.0 = Debug|x86
		{0B0FC9B6-1452-4CB4-A75A-BA1E3AF9BF10}.Debug|Win32.Deploy.0 = Debug|x86
		{0B0FC9B6-1452-4CB4-A75A-BA1E3AF9BF10}.Debug|x64.ActiveCfg = Debug|x64
		{0B0FC9B6-1452-4CB4-A75A-BA1E3AF9BF10}.Debug|x64.Build.0 = Debug|x64
		{0B0FC9B6-1452-4CB4-A75A-BA1E3AF9BF10}.Debug|x64.Deploy.0 = Debug|x64
		{0B0FC9B6-1452-4CB4-A75A-BA1E3AF9BF10}.Debug|x86.ActiveCfg = Debug|x86
		{0B0FC9B6-1452-4CB4-A75A-BA1E3AF9BF10}.Debug|x86.Build.0 = Debug|x86
		{0B0FC9B6-1452-4CB4-A75A-BA1E3AF9BF10}.Debug|x86.Deploy.0 = Debug|x86
		{0B0FC9B6-1452-4CB4-A75A-BA1E3AF9BF10}.Release|Any CPU.ActiveCfg = Release|Any CPU
		{0B0FC9B6-1452-4CB4-A75A-BA1E3AF9BF10}.Release|Any CPU.Build.0 = Release|Any CPU
		{0B0FC9B6-1452-4CB4-A75A-BA1E3AF9BF10}.Release|Any CPU.Deploy.0 = Release|Any CPU
		{0B0FC9B6-1452-4CB4-A75A-BA1E3AF9BF10}.Release|ARM.ActiveCfg = Release|ARM
		{0B0FC9B6-1452-4CB4-A75A-BA1E3AF9BF10}.Release|ARM.Build.0 = Release|ARM
		{0B0FC9B6-1452-4CB4-A75A-BA1E3AF9BF10}.Release|ARM.Deploy.0 = Release|ARM
		{0B0FC9B6-1452-4CB4-A75A-BA1E3AF9BF10}.Release|Mixed Platforms.ActiveCfg = Release|x86
		{0B0FC9B6-1452-4CB4-A75A-BA1E3AF9BF10}.Release|Mixed Platforms.Build.0 = Release|x86
		{0B0FC9B6-1452-4CB4-A75A-BA1E3AF9BF10}.Release|Mixed Platforms.Deploy.0 = Release|x86
		{0B0FC9B6-1452-4CB4-A75A-BA1E3AF9BF10}.Release|Win32.ActiveCfg = Release|x86
		{0B0FC9B6-1452-4CB4-A75A-BA1E3AF9BF10}.Release|Win32.Build.0 = Release|x86
		{0B0FC9B6-1452-4CB4-A75A-BA1E3AF9BF10}.Release|Win32.Deploy.0 = Release|x86
		{0B0FC9B6-1452-4CB4-A75A-BA1E3AF9BF10}.Release|x64.ActiveCfg = Release|x64
		{0B0FC9B6-1452-4CB4-A75A-BA1E3AF9BF10}.Release|x64.Build.0 = Release|x64
		{0B0FC9B6-1452-4CB4-A75A-BA1E3AF9BF10}.Release|x64.Deploy.0 = Release|x64
		{0B0FC9B6-1452-4CB4-A75A-BA1E3AF9BF10}.Release|x86.ActiveCfg = Release|x86
		{0B0FC9B6-1452-4CB4-A75A-BA1E3AF9BF10}.Release|x86.Build.0 = Release|x86
		{0B0FC9B6-1452-4CB4-A75A-BA1E3AF9BF10}.Release|x86.Deploy.0 = Release|x86
		{82474D3D-72C9-48F8-B507-D6ECEC19E840}.Debug|Any CPU.ActiveCfg = Debug|Any CPU
		{82474D3D-72C9-48F8-B507-D6ECEC19E840}.Debug|Any CPU.Build.0 = Debug|Any CPU
		{82474D3D-72C9-48F8-B507-D6ECEC19E840}.Debug|ARM.ActiveCfg = Debug|Any CPU
		{82474D3D-72C9-48F8-B507-D6ECEC19E840}.Debug|Mixed Platforms.ActiveCfg = Debug|Any CPU
		{82474D3D-72C9-48F8-B507-D6ECEC19E840}.Debug|Mixed Platforms.Build.0 = Debug|Any CPU
		{82474D3D-72C9-48F8-B507-D6ECEC19E840}.Debug|Win32.ActiveCfg = Debug|Any CPU
		{82474D3D-72C9-48F8-B507-D6ECEC19E840}.Debug|x64.ActiveCfg = Debug|Any CPU
		{82474D3D-72C9-48F8-B507-D6ECEC19E840}.Debug|x86.ActiveCfg = Debug|Any CPU
		{82474D3D-72C9-48F8-B507-D6ECEC19E840}.Release|Any CPU.ActiveCfg = Release|Any CPU
		{82474D3D-72C9-48F8-B507-D6ECEC19E840}.Release|Any CPU.Build.0 = Release|Any CPU
		{82474D3D-72C9-48F8-B507-D6ECEC19E840}.Release|ARM.ActiveCfg = Release|Any CPU
		{82474D3D-72C9-48F8-B507-D6ECEC19E840}.Release|Mixed Platforms.ActiveCfg = Release|Any CPU
		{82474D3D-72C9-48F8-B507-D6ECEC19E840}.Release|Mixed Platforms.Build.0 = Release|Any CPU
		{82474D3D-72C9-48F8-B507-D6ECEC19E840}.Release|Win32.ActiveCfg = Release|Any CPU
		{82474D3D-72C9-48F8-B507-D6ECEC19E840}.Release|x64.ActiveCfg = Release|Any CPU
		{82474D3D-72C9-48F8-B507-D6ECEC19E840}.Release|x86.ActiveCfg = Release|Any CPU
		{29BE26D5-F339-4692-908C-D4046B043DBC}.Debug|Any CPU.ActiveCfg = Debug|Any CPU
		{29BE26D5-F339-4692-908C-D4046B043DBC}.Debug|Any CPU.Build.0 = Debug|Any CPU
		{29BE26D5-F339-4692-908C-D4046B043DBC}.Debug|ARM.ActiveCfg = Debug|ARM
		{29BE26D5-F339-4692-908C-D4046B043DBC}.Debug|ARM.Build.0 = Debug|ARM
		{29BE26D5-F339-4692-908C-D4046B043DBC}.Debug|Mixed Platforms.ActiveCfg = Debug|x86
		{29BE26D5-F339-4692-908C-D4046B043DBC}.Debug|Mixed Platforms.Build.0 = Debug|x86
		{29BE26D5-F339-4692-908C-D4046B043DBC}.Debug|Win32.ActiveCfg = Debug|x86
		{29BE26D5-F339-4692-908C-D4046B043DBC}.Debug|Win32.Build.0 = Debug|x86
		{29BE26D5-F339-4692-908C-D4046B043DBC}.Debug|x64.ActiveCfg = Debug|x64
		{29BE26D5-F339-4692-908C-D4046B043DBC}.Debug|x64.Build.0 = Debug|x64
		{29BE26D5-F339-4692-908C-D4046B043DBC}.Debug|x86.ActiveCfg = Debug|x86
		{29BE26D5-F339-4692-908C-D4046B043DBC}.Debug|x86.Build.0 = Debug|x86
		{29BE26D5-F339-4692-908C-D4046B043DBC}.Release|Any CPU.ActiveCfg = Release|Any CPU
		{29BE26D5-F339-4692-908C-D4046B043DBC}.Release|Any CPU.Build.0 = Release|Any CPU
		{29BE26D5-F339-4692-908C-D4046B043DBC}.Release|ARM.ActiveCfg = Release|ARM
		{29BE26D5-F339-4692-908C-D4046B043DBC}.Release|ARM.Build.0 = Release|ARM
		{29BE26D5-F339-4692-908C-D4046B043DBC}.Release|Mixed Platforms.ActiveCfg = Release|x86
		{29BE26D5-F339-4692-908C-D4046B043DBC}.Release|Mixed Platforms.Build.0 = Release|x86
		{29BE26D5-F339-4692-908C-D4046B043DBC}.Release|Win32.ActiveCfg = Release|x86
		{29BE26D5-F339-4692-908C-D4046B043DBC}.Release|Win32.Build.0 = Release|x86
		{29BE26D5-F339-4692-908C-D4046B043DBC}.Release|x64.ActiveCfg = Release|x64
		{29BE26D5-F339-4692-908C-D4046B043DBC}.Release|x64.Build.0 = Release|x64
		{29BE26D5-F339-4692-908C-D4046B043DBC}.Release|x86.ActiveCfg = Release|x86
		{29BE26D5-F339-4692-908C-D4046B043DBC}.Release|x86.Build.0 = Release|x86
	EndGlobalSection
	GlobalSection(SolutionProperties) = preSolution
		HideSolutionNode = FALSE
	EndGlobalSection
EndGlobal
